
Microsoft Visual Studio Solution File, Format Version 12.00
# Visual Studio Version 17
VisualStudioVersion = 17.1.32210.238
MinimumVisualStudioVersion = 10.0.40219.1
Project("{8BC9CEB8-8B4A-11D0-8D11-00A0C91BC942}") = "project_programming", "project_programming\project_programming.vcxproj", "{EDE355D0-E12A-4106-8934-AEC1E2A84C2C}"
EndProject
Global
	GlobalSection(SolutionConfigurationPlatforms) = preSolution
		Debug|x64 = Debug|x64
		Debug|x86 = Debug|x86
		Release|x64 = Release|x64
		Release|x86 = Release|x86
	EndGlobalSection
	GlobalSection(ProjectConfigurationPlatforms) = postSolution
		{EDE355D0-E12A-4106-8934-AEC1E2A84C2C}.Debug|x64.ActiveCfg = Debug|x64
		{EDE355D0-E12A-4106-8934-AEC1E2A84C2C}.Debug|x64.Build.0 = Debug|x64
		{EDE355D0-E12A-4106-8934-AEC1E2A84C2C}.Debug|x86.ActiveCfg = Debug|Win32
		{EDE355D0-E12A-4106-8934-AEC1E2A84C2C}.Debug|x86.Build.0 = Debug|Win32
		{EDE355D0-E12A-4106-8934-AEC1E2A84C2C}.Release|x64.ActiveCfg = Release|x64
		{EDE355D0-E12A-4106-8934-AEC1E2A84C2C}.Release|x64.Build.0 = Release|x64
		{EDE355D0-E12A-4106-8934-AEC1E2A84C2C}.Release|x86.ActiveCfg = Release|Win32
		{EDE355D0-E12A-4106-8934-AEC1E2A84C2C}.Release|x86.Build.0 = Release|Win32
	EndGlobalSection
	GlobalSection(SolutionProperties) = preSolution
		HideSolutionNode = FALSE
	EndGlobalSection
	GlobalSection(ExtensibilityGlobals) = postSolution
		SolutionGuid = {FFB541D9-5151-4128-9EC2-43B193BD4530}
	EndGlobalSection
EndGlobal
